Microsoft Visual Studio Solution File, Format Version 12.00
# Visual Studio Version 17
VisualStudioVersion = 17.5.2.0
MinimumVisualStudioVersion = 10.0.40219.1
Project("{2150E333-8FDC-42A3-9474-1A3956D46DE8}") = "Bootcamp_dtt", "Bootcamp_dtt", "{1369D4DE-612D-1808-A6C1-BE7728006EB6}"
EndProject
Project("{2150E333-8FDC-42A3-9474-1A3956D46DE8}") = "deloitte-bootcamp-dia01", "deloitte-bootcamp-dia01", "{D4E38274-4549-7954-A22F-2164AB92A8CE}"
EndProject
Project("{FAE04EC0-301F-11D3-BF4B-00C04F79EFBC}") = "api-piloto", "Bootcamp_dtt\deloitte-bootcamp-dia01\api-piloto\api-piloto.csproj", "{EFA0BD82-5A2F-8AF7-DE06-71D996BAE4FC}"
EndProject
Global
	GlobalSection(SolutionConfigurationPlatforms) = preSolution
		Debug|Any CPU = Debug|Any CPU
		Release|Any CPU = Release|Any CPU
	EndGlobalSection
	GlobalSection(ProjectConfigurationPlatforms) = postSolution
		{EFA0BD82-5A2F-8AF7-DE06-71D996BAE4FC}.Debug|Any CPU.ActiveCfg = Debug|Any CPU
		{EFA0BD82-5A2F-8AF7-DE06-71D996BAE4FC}.Debug|Any CPU.Build.0 = Debug|Any CPU
		{EFA0BD82-5A2F-8AF7-DE06-71D996BAE4FC}.Release|Any CPU.ActiveCfg = Release|Any CPU
		{EFA0BD82-5A2F-8AF7-DE06-71D996BAE4FC}.Release|Any CPU.Build.0 = Release|Any CPU
	EndGlobalSection
	GlobalSection(SolutionProperties) = preSolution
		HideSolutionNode = FALSE
	EndGlobalSection
	GlobalSection(NestedProjects) = preSolution
		{D4E38274-4549-7954-A22F-2164AB92A8CE} = {1369D4DE-612D-1808-A6C1-BE7728006EB6}
		{EFA0BD82-5A2F-8AF7-DE06-71D996BAE4FC} = {D4E38274-4549-7954-A22F-2164AB92A8CE}
	EndGlobalSection
	GlobalSection(ExtensibilityGlobals) = postSolution
		SolutionGuid = {2F00523E-1961-4554-8531-C216616904DA}
	EndGlobalSection
EndGlobal
